
Microsoft Visual Studio Solution File, Format Version 12.00
# Visual Studio Version 17
VisualStudioVersion = 17.13.35931.197
MinimumVisualStudioVersion = 10.0.40219.1
Project("{FAE04EC0-301F-11D3-BF4B-00C04F79EFBC}") = "DotnetMeetup", "DotnetMeetup\DotnetMeetup\DotnetMeetup.csproj", "{B12798F2-6764-4FD9-883A-5F8E22105D67}"
EndProject
Project("{FAE04EC0-301F-11D3-BF4B-00C04F79EFBC}") = "DotnetMeetup.Client", "DotnetMeetup\DotnetMeetup.Client\DotnetMeetup.Client.csproj", "{F3D64AC7-22DD-4CDE-A77A-78B8BC2FAC98}"
EndProject
Project("{FAE04EC0-301F-11D3-BF4B-00C04F79EFBC}") = "DotnetMeetup.Shared", "DotnetMeetup\DotnetMeetup.Shared\DotnetMeetup.Shared.csproj", "{13AFA2A5-545A-81C3-2AB7-814B332E5F2E}"
EndProject
Global
	GlobalSection(SolutionConfigurationPlatforms) = preSolution
		Debug|Any CPU = Debug|Any CPU
		Release|Any CPU = Release|Any CPU
	EndGlobalSection
	GlobalSection(ProjectConfigurationPlatforms) = postSolution
		{B12798F2-6764-4FD9-883A-5F8E22105D67}.Debug|Any CPU.ActiveCfg = Debug|Any CPU
		{B12798F2-6764-4FD9-883A-5F8E22105D67}.Debug|Any CPU.Build.0 = Debug|Any CPU
		{B12798F2-6764-4FD9-883A-5F8E22105D67}.Release|Any CPU.ActiveCfg = Release|Any CPU
		{B12798F2-6764-4FD9-883A-5F8E22105D67}.Release|Any CPU.Build.0 = Release|Any CPU
		{F3D64AC7-22DD-4CDE-A77A-78B8BC2FAC98}.Debug|Any CPU.ActiveCfg = Debug|Any CPU
		{F3D64AC7-22DD-4CDE-A77A-78B8BC2FAC98}.Debug|Any CPU.Build.0 = Debug|Any CPU
		{F3D64AC7-22DD-4CDE-A77A-78B8BC2FAC98}.Release|Any CPU.ActiveCfg = Release|Any CPU
		{F3D64AC7-22DD-4CDE-A77A-78B8BC2FAC98}.Release|Any CPU.Build.0 = Release|Any CPU
		{13AFA2A5-545A-81C3-2AB7-814B332E5F2E}.Debug|Any CPU.ActiveCfg = Debug|Any CPU
		{13AFA2A5-545A-81C3-2AB7-814B332E5F2E}.Debug|Any CPU.Build.0 = Debug|Any CPU
		{13AFA2A5-545A-81C3-2AB7-814B332E5F2E}.Release|Any CPU.ActiveCfg = Release|Any CPU
		{13AFA2A5-545A-81C3-2AB7-814B332E5F2E}.Release|Any CPU.Build.0 = Release|Any CPU
	EndGlobalSection
	GlobalSection(SolutionProperties) = preSolution
		HideSolutionNode = FALSE
	EndGlobalSection
	GlobalSection(ExtensibilityGlobals) = postSolution
		SolutionGuid = {776077AC-2962-4355-8D51-29B7E966A813}
	EndGlobalSection
EndGlobal
