
Microsoft Visual Studio Solution File, Format Version 12.00
# Visual Studio Version 17
VisualStudioVersion = 17.13.35913.81
MinimumVisualStudioVersion = 10.0.40219.1
Project("{FAE04EC0-301F-11D3-BF4B-00C04F79EFBC}") = "DotnetMeetup.Shared", "DotnetMeetup.Shared\DotnetMeetup.Shared.csproj", "{B126DE53-CA46-48E3-BA5A-49F458EDA580}"
EndProject
Project("{FAE04EC0-301F-11D3-BF4B-00C04F79EFBC}") = "Web", "Web\Web\Web.csproj", "{295BE8B6-738A-4510-9C9F-0229A4CF67F8}"
EndProject
Project("{FAE04EC0-301F-11D3-BF4B-00C04F79EFBC}") = "Web.Client", "Web\Web.Client\Web.Client.csproj", "{6BCA91B4-C293-4A88-8A16-2C13C5CB3B51}"
EndProject
Global
	GlobalSection(SolutionConfigurationPlatforms) = preSolution
		Debug|Any CPU = Debug|Any CPU
		Release|Any CPU = Release|Any CPU
	EndGlobalSection
	GlobalSection(ProjectConfigurationPlatforms) = postSolution
		{B126DE53-CA46-48E3-BA5A-49F458EDA580}.Debug|Any CPU.ActiveCfg = Debug|Any CPU
		{B126DE53-CA46-48E3-BA5A-49F458EDA580}.Debug|Any CPU.Build.0 = Debug|Any CPU
		{B126DE53-CA46-48E3-BA5A-49F458EDA580}.Release|Any CPU.ActiveCfg = Release|Any CPU
		{B126DE53-CA46-48E3-BA5A-49F458EDA580}.Release|Any CPU.Build.0 = Release|Any CPU
		{295BE8B6-738A-4510-9C9F-0229A4CF67F8}.Debug|Any CPU.ActiveCfg = Debug|Any CPU
		{295BE8B6-738A-4510-9C9F-0229A4CF67F8}.Debug|Any CPU.Build.0 = Debug|Any CPU
		{295BE8B6-738A-4510-9C9F-0229A4CF67F8}.Release|Any CPU.ActiveCfg = Release|Any CPU
		{295BE8B6-738A-4510-9C9F-0229A4CF67F8}.Release|Any CPU.Build.0 = Release|Any CPU
		{6BCA91B4-C293-4A88-8A16-2C13C5CB3B51}.Debug|Any CPU.ActiveCfg = Debug|Any CPU
		{6BCA91B4-C293-4A88-8A16-2C13C5CB3B51}.Debug|Any CPU.Build.0 = Debug|Any CPU
		{6BCA91B4-C293-4A88-8A16-2C13C5CB3B51}.Release|Any CPU.ActiveCfg = Release|Any CPU
		{6BCA91B4-C293-4A88-8A16-2C13C5CB3B51}.Release|Any CPU.Build.0 = Release|Any CPU
	EndGlobalSection
	GlobalSection(SolutionProperties) = preSolution
		HideSolutionNode = FALSE
	EndGlobalSection
	GlobalSection(ExtensibilityGlobals) = postSolution
		SolutionGuid = {582EF747-1F89-40DA-A032-00548459BE86}
	EndGlobalSection
EndGlobal
